{
  "name": "ffi-ex",
  "version": "1.0.0",
  "lockfileVersion": 2,
  "requires": true,
  "packages": {
    "": {
      "name": "ffi-ex",
      "version": "1.0.0",
      "license": "ISC",
      "devDependencies": {
        "bun-types": "^0.1.11",
        "typescript": "^4.8.4"
      }
    },
    "node_modules/bun-types": {
      "version": "0.1.11",
      "resolved": "https://registry.npmjs.org/bun-types/-/bun-types-0.1.11.tgz",
      "integrity": "sha512-a5G9LZtF5qBsDMjGnS5FfTvIeg1bS0PzI3Q2LqShEjJWdhZTB56xO8ewqZ83J+3my5rW/PPPWT/udAofRQ3zdg==",
      "dev": true
    },
    "node_modules/typescript": {
      "version": "4.8.4",
      "resolved": "https://registry.npmjs.org/typescript/-/typescript-4.8.4.tgz",
      "integrity": "sha512-QCh+85mCy+h0IGff8r5XWzOVSbBO+KfeYrMQh7NJ58QujwcE22u+NUSmUxqF+un70P9GXKxa2HCNiTTMJknyjQ==",
      "dev": true,
      "bin": {
        "tsc": "bin/tsc",
        "tsserver": "bin/tsserver"
      },
      "engines": {
        "node": ">=4.2.0"
      }
    }
  },
  "dependencies": {
    "bun-types": {
      "version": "0.1.11",
      "resolved": "https://registry.npmjs.org/bun-types/-/bun-types-0.1.11.tgz",
      "integrity": "sha512-a5G9LZtF5qBsDMjGnS5FfTvIeg1bS0PzI3Q2LqShEjJWdhZTB56xO8ewqZ83J+3my5rW/PPPWT/udAofRQ3zdg==",
      "dev": true
    },
    "typescript": {
      "version": "4.8.4",
      "resolved": "https://registry.npmjs.org/typescript/-/typescript-4.8.4.tgz",
      "integrity": "sha512-QCh+85mCy+h0IGff8r5XWzOVSbBO+KfeYrMQh7NJ58QujwcE22u+NUSmUxqF+un70P9GXKxa2HCNiTTMJknyjQ==",
      "dev": true
    }
  }
}
